
Microsoft Visual Studio Solution File, Format Version 12.00
# Visual Studio Version 17
VisualStudioVersion = 17.5.33414.496
MinimumVisualStudioVersion = 10.0.40219.1
Project("{9A19103F-16F7-4668-BE54-9A1E7A4F7556}") = "P236FirsCodes", "P236\P236FirsCodes.csproj", "{56BDC84E-66A6-46FC-8B82-DE1A89715482}"
EndProject
Project("{9A19103F-16F7-4668-BE54-9A1E7A4F7556}") = "Algorithms", "Algorithms\Algorithms.csproj", "{16DA9792-8849-4293-B5F8-B495C872D825}"
EndProject
Project("{9A19103F-16F7-4668-BE54-9A1E7A4F7556}") = "Methods", "Methods\Methods.csproj", "{E98AFE8B-5D33-4EFD-9D71-4A8BD8817322}"
EndProject
Project("{9A19103F-16F7-4668-BE54-9A1E7A4F7556}") = "Method signatures, overloading", "Method signatures, overloading\Method signatures, overloading.csproj", "{71FE4089-AF0D-489D-8C0A-2D2622804F07}"
EndProject
Project("{9A19103F-16F7-4668-BE54-9A1E7A4F7556}") = "Memory Allocation, Array & String methods", "Memory Allocation, Array & String methods\Memory Allocation, Array & String methods.csproj", "{8E3DA0E6-22D2-4B9A-8BAE-AEBF0E4D32B4}"
EndProject
Project("{9A19103F-16F7-4668-BE54-9A1E7A4F7556}") = "StringBuilder, Class", "StringBuilder, Class\StringBuilder, Class.csproj", "{138F07A7-DBFF-4962-AFE7-A47926C0D744}"
EndProject
Project("{9A19103F-16F7-4668-BE54-9A1E7A4F7556}") = "Recap", "Class\Recap.csproj", "{9A834FB1-54DA-49CB-9539-0F091804F7B6}"
EndProject
Project("{9A19103F-16F7-4668-BE54-9A1E7A4F7556}") = "Class members", "Class members\Class members.csproj", "{1EDA9173-926A-4393-9B98-E20D17BC2C42}"
EndProject
Project("{9A19103F-16F7-4668-BE54-9A1E7A4F7556}") = "Inheritance, Access modifiers, Encapsulation", "Inheritance, Access modifiers, Encapsulation\Inheritance, Access modifiers, Encapsulation.csproj", "{3F5F40BF-FF21-4329-A5F2-61AF632F3006}"
EndProject
Project("{9A19103F-16F7-4668-BE54-9A1E7A4F7556}") = "Access Modifiers, Namespace, DLL", "Access Modifiers, Namespace, DLL\Access Modifiers, Namespace, DLL.csproj", "{C5679F21-326F-41F2-BF06-3A0C7E126E8A}"
EndProject
Project("{9A19103F-16F7-4668-BE54-9A1E7A4F7556}") = "DLL", "DLL\DLL.csproj", "{7A5A897E-4946-4D85-98A5-06FDE3C18A0D}"
EndProject
Project("{9A19103F-16F7-4668-BE54-9A1E7A4F7556}") = "Abstarct, Interface", "Abstarct, Interface\Abstarct, Interface.csproj", "{43475E8C-35FF-436E-BDCA-947A48FA9911}"
EndProject
Project("{9A19103F-16F7-4668-BE54-9A1E7A4F7556}") = "Interface", "Interface\Interface.csproj", "{8AA4A71F-24E2-49F8-AE65-B7C560BB5C2D}"
EndProject
Project("{9A19103F-16F7-4668-BE54-9A1E7A4F7556}") = "Static, Extension, Enum, Nullable", "Static, Extension, Enum, Nullable\Static, Extension, Enum, Nullable.csproj", "{E2DC877C-73B7-4971-9DE0-4E5F3B0CA45E}"
EndProject
Project("{9A19103F-16F7-4668-BE54-9A1E7A4F7556}") = "Nullable, Upcasting, Downcasting", "Nullable, Upcasting, Downcasting\Nullable, Upcasting, Downcasting.csproj", "{E792788E-F3CF-4FDA-8859-7BFA4552BD8F}"
EndProject
Project("{9A19103F-16F7-4668-BE54-9A1E7A4F7556}") = "Cinema Application", "Cinema Application\Cinema Application.csproj", "{F626AF52-35F6-4C4A-AB08-F11412FDA7EC}"
EndProject
Project("{9A19103F-16F7-4668-BE54-9A1E7A4F7556}") = "Generic type, Collections", "Generic type, Collections\Generic type, Collections.csproj", "{20CDD6A4-89D7-45A3-9485-C749E05C49ED}"
EndProject
Project("{FAE04EC0-301F-11D3-BF4B-00C04F79EFBC}") = "Delegate", "Delegate\Delegate.csproj", "{9CB9DD0B-4500-4F41-B242-FD9F0BFBE998}"
EndProject
Global
	GlobalSection(SolutionConfigurationPlatforms) = preSolution
		Debug|Any CPU = Debug|Any CPU
		Release|Any CPU = Release|Any CPU
	EndGlobalSection
	GlobalSection(ProjectConfigurationPlatforms) = postSolution
		{56BDC84E-66A6-46FC-8B82-DE1A89715482}.Debug|Any CPU.ActiveCfg = Debug|Any CPU
		{56BDC84E-66A6-46FC-8B82-DE1A89715482}.Debug|Any CPU.Build.0 = Debug|Any CPU
		{56BDC84E-66A6-46FC-8B82-DE1A89715482}.Release|Any CPU.ActiveCfg = Release|Any CPU
		{56BDC84E-66A6-46FC-8B82-DE1A89715482}.Release|Any CPU.Build.0 = Release|Any CPU
		{16DA9792-8849-4293-B5F8-B495C872D825}.Debug|Any CPU.ActiveCfg = Debug|Any CPU
		{16DA9792-8849-4293-B5F8-B495C872D825}.Debug|Any CPU.Build.0 = Debug|Any CPU
		{16DA9792-8849-4293-B5F8-B495C872D825}.Release|Any CPU.ActiveCfg = Release|Any CPU
		{16DA9792-8849-4293-B5F8-B495C872D825}.Release|Any CPU.Build.0 = Release|Any CPU
		{E98AFE8B-5D33-4EFD-9D71-4A8BD8817322}.Debug|Any CPU.ActiveCfg = Debug|Any CPU
		{E98AFE8B-5D33-4EFD-9D71-4A8BD8817322}.Debug|Any CPU.Build.0 = Debug|Any CPU
		{E98AFE8B-5D33-4EFD-9D71-4A8BD8817322}.Release|Any CPU.ActiveCfg = Release|Any CPU
		{E98AFE8B-5D33-4EFD-9D71-4A8BD8817322}.Release|Any CPU.Build.0 = Release|Any CPU
		{71FE4089-AF0D-489D-8C0A-2D2622804F07}.Debug|Any CPU.ActiveCfg = Debug|Any CPU
		{71FE4089-AF0D-489D-8C0A-2D2622804F07}.Debug|Any CPU.Build.0 = Debug|Any CPU
		{71FE4089-AF0D-489D-8C0A-2D2622804F07}.Release|Any CPU.ActiveCfg = Release|Any CPU
		{71FE4089-AF0D-489D-8C0A-2D2622804F07}.Release|Any CPU.Build.0 = Release|Any CPU
		{8E3DA0E6-22D2-4B9A-8BAE-AEBF0E4D32B4}.Debug|Any CPU.ActiveCfg = Debug|Any CPU
		{8E3DA0E6-22D2-4B9A-8BAE-AEBF0E4D32B4}.Debug|Any CPU.Build.0 = Debug|Any CPU
		{8E3DA0E6-22D2-4B9A-8BAE-AEBF0E4D32B4}.Release|Any CPU.ActiveCfg = Release|Any CPU
		{8E3DA0E6-22D2-4B9A-8BAE-AEBF0E4D32B4}.Release|Any CPU.Build.0 = Release|Any CPU
		{138F07A7-DBFF-4962-AFE7-A47926C0D744}.Debug|Any CPU.ActiveCfg = Debug|Any CPU
		{138F07A7-DBFF-4962-AFE7-A47926C0D744}.Debug|Any CPU.Build.0 = Debug|Any CPU
		{138F07A7-DBFF-4962-AFE7-A47926C0D744}.Release|Any CPU.ActiveCfg = Release|Any CPU
		{138F07A7-DBFF-4962-AFE7-A47926C0D744}.Release|Any CPU.Build.0 = Release|Any CPU
		{9A834FB1-54DA-49CB-9539-0F091804F7B6}.Debug|Any CPU.ActiveCfg = Debug|Any CPU
		{9A834FB1-54DA-49CB-9539-0F091804F7B6}.Debug|Any CPU.Build.0 = Debug|Any CPU
		{9A834FB1-54DA-49CB-9539-0F091804F7B6}.Release|Any CPU.ActiveCfg = Release|Any CPU
		{9A834FB1-54DA-49CB-9539-0F091804F7B6}.Release|Any CPU.Build.0 = Release|Any CPU
		{1EDA9173-926A-4393-9B98-E20D17BC2C42}.Debug|Any CPU.ActiveCfg = Debug|Any CPU
		{1EDA9173-926A-4393-9B98-E20D17BC2C42}.Debug|Any CPU.Build.0 = Debug|Any CPU
		{1EDA9173-926A-4393-9B98-E20D17BC2C42}.Release|Any CPU.ActiveCfg = Release|Any CPU
		{1EDA9173-926A-4393-9B98-E20D17BC2C42}.Release|Any CPU.Build.0 = Release|Any CPU
		{3F5F40BF-FF21-4329-A5F2-61AF632F3006}.Debug|Any CPU.ActiveCfg = Debug|Any CPU
		{3F5F40BF-FF21-4329-A5F2-61AF632F3006}.Debug|Any CPU.Build.0 = Debug|Any CPU
		{3F5F40BF-FF21-4329-A5F2-61AF632F3006}.Release|Any CPU.ActiveCfg = Release|Any CPU
		{3F5F40BF-FF21-4329-A5F2-61AF632F3006}.Release|Any CPU.Build.0 = Release|Any CPU
		{C5679F21-326F-41F2-BF06-3A0C7E126E8A}.Debug|Any CPU.ActiveCfg = Debug|Any CPU
		{C5679F21-326F-41F2-BF06-3A0C7E126E8A}.Debug|Any CPU.Build.0 = Debug|Any CPU
		{C5679F21-326F-41F2-BF06-3A0C7E126E8A}.Release|Any CPU.ActiveCfg = Release|Any CPU
		{C5679F21-326F-41F2-BF06-3A0C7E126E8A}.Release|Any CPU.Build.0 = Release|Any CPU
		{7A5A897E-4946-4D85-98A5-06FDE3C18A0D}.Debug|Any CPU.ActiveCfg = Debug|Any CPU
		{7A5A897E-4946-4D85-98A5-06FDE3C18A0D}.Debug|Any CPU.Build.0 = Debug|Any CPU
		{7A5A897E-4946-4D85-98A5-06FDE3C18A0D}.Release|Any CPU.ActiveCfg = Release|Any CPU
		{7A5A897E-4946-4D85-98A5-06FDE3C18A0D}.Release|Any CPU.Build.0 = Release|Any CPU
		{43475E8C-35FF-436E-BDCA-947A48FA9911}.Debug|Any CPU.ActiveCfg = Debug|Any CPU
		{43475E8C-35FF-436E-BDCA-947A48FA9911}.Debug|Any CPU.Build.0 = Debug|Any CPU
		{43475E8C-35FF-436E-BDCA-947A48FA9911}.Release|Any CPU.ActiveCfg = Release|Any CPU
		{43475E8C-35FF-436E-BDCA-947A48FA9911}.Release|Any CPU.Build.0 = Release|Any CPU
		{8AA4A71F-24E2-49F8-AE65-B7C560BB5C2D}.Debug|Any CPU.ActiveCfg = Debug|Any CPU
		{8AA4A71F-24E2-49F8-AE65-B7C560BB5C2D}.Debug|Any CPU.Build.0 = Debug|Any CPU
		{8AA4A71F-24E2-49F8-AE65-B7C560BB5C2D}.Release|Any CPU.ActiveCfg = Release|Any CPU
		{8AA4A71F-24E2-49F8-AE65-B7C560BB5C2D}.Release|Any CPU.Build.0 = Release|Any CPU
		{E2DC877C-73B7-4971-9DE0-4E5F3B0CA45E}.Debug|Any CPU.ActiveCfg = Debug|Any CPU
		{E2DC877C-73B7-4971-9DE0-4E5F3B0CA45E}.Debug|Any CPU.Build.0 = Debug|Any CPU
		{E2DC877C-73B7-4971-9DE0-4E5F3B0CA45E}.Release|Any CPU.ActiveCfg = Release|Any CPU
		{E2DC877C-73B7-4971-9DE0-4E5F3B0CA45E}.Release|Any CPU.Build.0 = Release|Any CPU
		{E792788E-F3CF-4FDA-8859-7BFA4552BD8F}.Debug|Any CPU.ActiveCfg = Debug|Any CPU
		{E792788E-F3CF-4FDA-8859-7BFA4552BD8F}.Debug|Any CPU.Build.0 = Debug|Any CPU
		{E792788E-F3CF-4FDA-8859-7BFA4552BD8F}.Release|Any CPU.ActiveCfg = Release|Any CPU
		{E792788E-F3CF-4FDA-8859-7BFA4552BD8F}.Release|Any CPU.Build.0 = Release|Any CPU
		{F626AF52-35F6-4C4A-AB08-F11412FDA7EC}.Debug|Any CPU.ActiveCfg = Debug|Any CPU
		{F626AF52-35F6-4C4A-AB08-F11412FDA7EC}.Debug|Any CPU.Build.0 = Debug|Any CPU
		{F626AF52-35F6-4C4A-AB08-F11412FDA7EC}.Release|Any CPU.ActiveCfg = Release|Any CPU
		{F626AF52-35F6-4C4A-AB08-F11412FDA7EC}.Release|Any CPU.Build.0 = Release|Any CPU
		{20CDD6A4-89D7-45A3-9485-C749E05C49ED}.Debug|Any CPU.ActiveCfg = Debug|Any CPU
		{20CDD6A4-89D7-45A3-9485-C749E05C49ED}.Debug|Any CPU.Build.0 = Debug|Any CPU
		{20CDD6A4-89D7-45A3-9485-C749E05C49ED}.Release|Any CPU.ActiveCfg = Release|Any CPU
		{20CDD6A4-89D7-45A3-9485-C749E05C49ED}.Release|Any CPU.Build.0 = Release|Any CPU
		{9CB9DD0B-4500-4F41-B242-FD9F0BFBE998}.Debug|Any CPU.ActiveCfg = Debug|Any CPU
		{9CB9DD0B-4500-4F41-B242-FD9F0BFBE998}.Debug|Any CPU.Build.0 = Debug|Any CPU
		{9CB9DD0B-4500-4F41-B242-FD9F0BFBE998}.Release|Any CPU.ActiveCfg = Release|Any CPU
		{9CB9DD0B-4500-4F41-B242-FD9F0BFBE998}.Release|Any CPU.Build.0 = Release|Any CPU
	EndGlobalSection
	GlobalSection(SolutionProperties) = preSolution
		HideSolutionNode = FALSE
	EndGlobalSection
	GlobalSection(ExtensibilityGlobals) = postSolution
		SolutionGuid = {E0651DB3-7C80-4F17-A749-1C308B93CB26}
	EndGlobalSection
EndGlobal
