
Microsoft Visual Studio Solution File, Format Version 12.00
# Visual Studio Version 17
VisualStudioVersion = 17.5.33414.496
MinimumVisualStudioVersion = 10.0.40219.1
Project("{9A19103F-16F7-4668-BE54-9A1E7A4F7556}") = "P236FirsCodes", "P236\P236FirsCodes.csproj", "{56BDC84E-66A6-46FC-8B82-DE1A89715482}"
EndProject
Project("{9A19103F-16F7-4668-BE54-9A1E7A4F7556}") = "Algorithms", "Algorithms\Algorithms.csproj", "{16DA9792-8849-4293-B5F8-B495C872D825}"
EndProject
Project("{9A19103F-16F7-4668-BE54-9A1E7A4F7556}") = "Methods", "Methods\Methods.csproj", "{E98AFE8B-5D33-4EFD-9D71-4A8BD8817322}"
EndProject
Project("{9A19103F-16F7-4668-BE54-9A1E7A4F7556}") = "Method signatures, overloading", "Method signatures, overloading\Method signatures, overloading.csproj", "{71FE4089-AF0D-489D-8C0A-2D2622804F07}"
EndProject
Project("{9A19103F-16F7-4668-BE54-9A1E7A4F7556}") = "Memory Allocation, Array & String methods", "Memory Allocation, Array & String methods\Memory Allocation, Array & String methods.csproj", "{8E3DA0E6-22D2-4B9A-8BAE-AEBF0E4D32B4}"
EndProject
Project("{9A19103F-16F7-4668-BE54-9A1E7A4F7556}") = "StringBuilder, Class", "StringBuilder, Class\StringBuilder, Class.csproj", "{138F07A7-DBFF-4962-AFE7-A47926C0D744}"
EndProject
Project("{FAE04EC0-301F-11D3-BF4B-00C04F79EFBC}") = "Class", "Class\Class.csproj", "{9A834FB1-54DA-49CB-9539-0F091804F7B6}"
EndProject
Global
	GlobalSection(SolutionConfigurationPlatforms) = preSolution
		Debug|Any CPU = Debug|Any CPU
		Release|Any CPU = Release|Any CPU
	EndGlobalSection
	GlobalSection(ProjectConfigurationPlatforms) = postSolution
		{56BDC84E-66A6-46FC-8B82-DE1A89715482}.Debug|Any CPU.ActiveCfg = Debug|Any CPU
		{56BDC84E-66A6-46FC-8B82-DE1A89715482}.Debug|Any CPU.Build.0 = Debug|Any CPU
		{56BDC84E-66A6-46FC-8B82-DE1A89715482}.Release|Any CPU.ActiveCfg = Release|Any CPU
		{56BDC84E-66A6-46FC-8B82-DE1A89715482}.Release|Any CPU.Build.0 = Release|Any CPU
		{16DA9792-8849-4293-B5F8-B495C872D825}.Debug|Any CPU.ActiveCfg = Debug|Any CPU
		{16DA9792-8849-4293-B5F8-B495C872D825}.Debug|Any CPU.Build.0 = Debug|Any CPU
		{16DA9792-8849-4293-B5F8-B495C872D825}.Release|Any CPU.ActiveCfg = Release|Any CPU
		{16DA9792-8849-4293-B5F8-B495C872D825}.Release|Any CPU.Build.0 = Release|Any CPU
		{E98AFE8B-5D33-4EFD-9D71-4A8BD8817322}.Debug|Any CPU.ActiveCfg = Debug|Any CPU
		{E98AFE8B-5D33-4EFD-9D71-4A8BD8817322}.Debug|Any CPU.Build.0 = Debug|Any CPU
		{E98AFE8B-5D33-4EFD-9D71-4A8BD8817322}.Release|Any CPU.ActiveCfg = Release|Any CPU
		{E98AFE8B-5D33-4EFD-9D71-4A8BD8817322}.Release|Any CPU.Build.0 = Release|Any CPU
		{71FE4089-AF0D-489D-8C0A-2D2622804F07}.Debug|Any CPU.ActiveCfg = Debug|Any CPU
		{71FE4089-AF0D-489D-8C0A-2D2622804F07}.Debug|Any CPU.Build.0 = Debug|Any CPU
		{71FE4089-AF0D-489D-8C0A-2D2622804F07}.Release|Any CPU.ActiveCfg = Release|Any CPU
		{71FE4089-AF0D-489D-8C0A-2D2622804F07}.Release|Any CPU.Build.0 = Release|Any CPU
		{8E3DA0E6-22D2-4B9A-8BAE-AEBF0E4D32B4}.Debug|Any CPU.ActiveCfg = Debug|Any CPU
		{8E3DA0E6-22D2-4B9A-8BAE-AEBF0E4D32B4}.Debug|Any CPU.Build.0 = Debug|Any CPU
		{8E3DA0E6-22D2-4B9A-8BAE-AEBF0E4D32B4}.Release|Any CPU.ActiveCfg = Release|Any CPU
		{8E3DA0E6-22D2-4B9A-8BAE-AEBF0E4D32B4}.Release|Any CPU.Build.0 = Release|Any CPU
		{138F07A7-DBFF-4962-AFE7-A47926C0D744}.Debug|Any CPU.ActiveCfg = Debug|Any CPU
		{138F07A7-DBFF-4962-AFE7-A47926C0D744}.Debug|Any CPU.Build.0 = Debug|Any CPU
		{138F07A7-DBFF-4962-AFE7-A47926C0D744}.Release|Any CPU.ActiveCfg = Release|Any CPU
		{138F07A7-DBFF-4962-AFE7-A47926C0D744}.Release|Any CPU.Build.0 = Release|Any CPU
		{9A834FB1-54DA-49CB-9539-0F091804F7B6}.Debug|Any CPU.ActiveCfg = Debug|Any CPU
		{9A834FB1-54DA-49CB-9539-0F091804F7B6}.Debug|Any CPU.Build.0 = Debug|Any CPU
		{9A834FB1-54DA-49CB-9539-0F091804F7B6}.Release|Any CPU.ActiveCfg = Release|Any CPU
		{9A834FB1-54DA-49CB-9539-0F091804F7B6}.Release|Any CPU.Build.0 = Release|Any CPU
	EndGlobalSection
	GlobalSection(SolutionProperties) = preSolution
		HideSolutionNode = FALSE
	EndGlobalSection
	GlobalSection(ExtensibilityGlobals) = postSolution
		SolutionGuid = {E0651DB3-7C80-4F17-A749-1C308B93CB26}
	EndGlobalSection
EndGlobal
